
Microsoft Visual Studio Solution File, Format Version 12.00
# Visual Studio Version 16
VisualStudioVersion = 16.0.30523.141
MinimumVisualStudioVersion = 10.0.40219.1
Project("{FAE04EC0-301F-11D3-BF4B-00C04F79EFBC}") = "WindowsFormsMonorail", "lab_1\WindowsFormsMonorail.csproj", "{692AD52C-0B20-4081-BF81-8F4BCC8B6874}"
EndProject
Global
	GlobalSection(SolutionConfigurationPlatforms) = preSolution
		Debug|Any CPU = Debug|Any CPU
		Release|Any CPU = Release|Any CPU
	EndGlobalSection
	GlobalSection(ProjectConfigurationPlatforms) = postSolution
		{692AD52C-0B20-4081-BF81-8F4BCC8B6874}.Debug|Any CPU.ActiveCfg = Debug|Any CPU
		{692AD52C-0B20-4081-BF81-8F4BCC8B6874}.Debug|Any CPU.Build.0 = Debug|Any CPU
		{692AD52C-0B20-4081-BF81-8F4BCC8B6874}.Release|Any CPU.ActiveCfg = Release|Any CPU
		{692AD52C-0B20-4081-BF81-8F4BCC8B6874}.Release|Any CPU.Build.0 = Release|Any CPU
	EndGlobalSection
	GlobalSection(SolutionProperties) = preSolution
		HideSolutionNode = FALSE
	EndGlobalSection
	GlobalSection(ExtensibilityGlobals) = postSolution
		SolutionGuid = {4E0A68D1-8F50-44F7-82DA-5F80E628EC9F}
	EndGlobalSection
EndGlobal
